
Microsoft Visual Studio Solution File, Format Version 12.00
Project("{FAE04EC0-301F-11D3-BF4B-00C04F79EFBC}") = "HFFDCR", "HFFDCR\HFFDCR.csproj", "{51A5D93F-9CFF-4A96-81C3-E8A1AA62511D}"
EndProject
Project("{FAE04EC0-301F-11D3-BF4B-00C04F79EFBC}") = "Client", "Client\Client.csproj", "{FC402AB1-829F-47AF-AA9F-B2C8AFD0E316}"
EndProject
Global
	GlobalSection(SolutionConfigurationPlatforms) = preSolution
		Debug|Any CPU = Debug|Any CPU
		Release|Any CPU = Release|Any CPU
	EndGlobalSection
	GlobalSection(ProjectConfigurationPlatforms) = postSolution
		{51A5D93F-9CFF-4A96-81C3-E8A1AA62511D}.Debug|Any CPU.ActiveCfg = Debug|Any CPU
		{51A5D93F-9CFF-4A96-81C3-E8A1AA62511D}.Debug|Any CPU.Build.0 = Debug|Any CPU
		{51A5D93F-9CFF-4A96-81C3-E8A1AA62511D}.Release|Any CPU.ActiveCfg = Release|Any CPU
		{51A5D93F-9CFF-4A96-81C3-E8A1AA62511D}.Release|Any CPU.Build.0 = Release|Any CPU
		{FC402AB1-829F-47AF-AA9F-B2C8AFD0E316}.Debug|Any CPU.ActiveCfg = Debug|Any CPU
		{FC402AB1-829F-47AF-AA9F-B2C8AFD0E316}.Debug|Any CPU.Build.0 = Debug|Any CPU
		{FC402AB1-829F-47AF-AA9F-B2C8AFD0E316}.Release|Any CPU.ActiveCfg = Release|Any CPU
		{FC402AB1-829F-47AF-AA9F-B2C8AFD0E316}.Release|Any CPU.Build.0 = Release|Any CPU
	EndGlobalSection
EndGlobal
